
Microsoft Visual Studio Solution File, Format Version 12.00
# Visual Studio Version 16
VisualStudioVersion = 16.0.31702.278
MinimumVisualStudioVersion = 10.0.40219.1
Project("{FAE04EC0-301F-11D3-BF4B-00C04F79EFBC}") = "WinformsLab", "WinformsLab\WinformsLab.csproj", "{1C3CC210-1082-4440-B6F2-2BC653DEE070}"
EndProject
Global
	GlobalSection(SolutionConfigurationPlatforms) = preSolution
		Debug|Any CPU = Debug|Any CPU
		Release|Any CPU = Release|Any CPU
	EndGlobalSection
	GlobalSection(ProjectConfigurationPlatforms) = postSolution
		{1C3CC210-1082-4440-B6F2-2BC653DEE070}.Debug|Any CPU.ActiveCfg = Debug|Any CPU
		{1C3CC210-1082-4440-B6F2-2BC653DEE070}.Debug|Any CPU.Build.0 = Debug|Any CPU
		{1C3CC210-1082-4440-B6F2-2BC653DEE070}.Release|Any CPU.ActiveCfg = Release|Any CPU
		{1C3CC210-1082-4440-B6F2-2BC653DEE070}.Release|Any CPU.Build.0 = Release|Any CPU
	EndGlobalSection
	GlobalSection(SolutionProperties) = preSolution
		HideSolutionNode = FALSE
	EndGlobalSection
	GlobalSection(ExtensibilityGlobals) = postSolution
		SolutionGuid = {F403199E-4A59-44AF-BDE2-4D72C38D65DC}
	EndGlobalSection
EndGlobal
